
Microsoft Visual Studio Solution File, Format Version 12.00
# Visual Studio Version 17
VisualStudioVersion = 17.5.33530.505
MinimumVisualStudioVersion = 10.0.40219.1
Project("{FAE04EC0-301F-11D3-BF4B-00C04F79EFBC}") = "Music Player", "Music Player\Music Player.csproj", "{32174488-1A7F-4037-822D-282DA4265E4A}"
EndProject
Global
	GlobalSection(SolutionConfigurationPlatforms) = preSolution
		Debug|Any CPU = Debug|Any CPU
		Release|Any CPU = Release|Any CPU
	EndGlobalSection
	GlobalSection(ProjectConfigurationPlatforms) = postSolution
		{32174488-1A7F-4037-822D-282DA4265E4A}.Debug|Any CPU.ActiveCfg = Debug|Any CPU
		{32174488-1A7F-4037-822D-282DA4265E4A}.Debug|Any CPU.Build.0 = Debug|Any CPU
		{32174488-1A7F-4037-822D-282DA4265E4A}.Release|Any CPU.ActiveCfg = Release|Any CPU
		{32174488-1A7F-4037-822D-282DA4265E4A}.Release|Any CPU.Build.0 = Release|Any CPU
	EndGlobalSection
	GlobalSection(SolutionProperties) = preSolution
		HideSolutionNode = FALSE
	EndGlobalSection
	GlobalSection(ExtensibilityGlobals) = postSolution
		SolutionGuid = {47485BFA-6567-4C4B-B095-C6C654C7DB0A}
	EndGlobalSection
EndGlobal
